
Microsoft Visual Studio Solution File, Format Version 12.00
# Visual Studio 15
VisualStudioVersion = 15.0.27130.2036
MinimumVisualStudioVersion = 10.0.40219.1
Project("{F184B08F-C81C-45F6-A57F-5ABD9991F28F}") = "UTS", "UTS\UTS.vbproj", "{7F605C04-0C72-455F-AE77-720A0A7A0665}"
EndProject
Global
	GlobalSection(SolutionConfigurationPlatforms) = preSolution
		Debug|Any CPU = Debug|Any CPU
		Release|Any CPU = Release|Any CPU
	EndGlobalSection
	GlobalSection(ProjectConfigurationPlatforms) = postSolution
		{7F605C04-0C72-455F-AE77-720A0A7A0665}.Debug|Any CPU.ActiveCfg = Debug|Any CPU
		{7F605C04-0C72-455F-AE77-720A0A7A0665}.Debug|Any CPU.Build.0 = Debug|Any CPU
		{7F605C04-0C72-455F-AE77-720A0A7A0665}.Release|Any CPU.ActiveCfg = Release|Any CPU
		{7F605C04-0C72-455F-AE77-720A0A7A0665}.Release|Any CPU.Build.0 = Release|Any CPU
	EndGlobalSection
	GlobalSection(SolutionProperties) = preSolution
		HideSolutionNode = FALSE
	EndGlobalSection
	GlobalSection(ExtensibilityGlobals) = postSolution
		SolutionGuid = {D6C01F15-A320-47CC-AE31-A1BCB400A06E}
	EndGlobalSection
EndGlobal
